
Microsoft Visual Studio Solution File, Format Version 12.00
# Visual Studio 15
VisualStudioVersion = 15.0.28010.2003
MinimumVisualStudioVersion = 10.0.40219.1
Project("{FAE04EC0-301F-11D3-BF4B-00C04F79EFBC}") = "electron_test", "electron_test\electron_test.csproj", "{AE7373A7-0BC1-44B1-8548-8CFF5CB40DA6}"
EndProject
Global
	GlobalSection(SolutionConfigurationPlatforms) = preSolution
		Debug|Any CPU = Debug|Any CPU
		Release|Any CPU = Release|Any CPU
	EndGlobalSection
	GlobalSection(ProjectConfigurationPlatforms) = postSolution
		{AE7373A7-0BC1-44B1-8548-8CFF5CB40DA6}.Debug|Any CPU.ActiveCfg = Debug|Any CPU
		{AE7373A7-0BC1-44B1-8548-8CFF5CB40DA6}.Debug|Any CPU.Build.0 = Debug|Any CPU
		{AE7373A7-0BC1-44B1-8548-8CFF5CB40DA6}.Release|Any CPU.ActiveCfg = Release|Any CPU
		{AE7373A7-0BC1-44B1-8548-8CFF5CB40DA6}.Release|Any CPU.Build.0 = Release|Any CPU
	EndGlobalSection
	GlobalSection(SolutionProperties) = preSolution
		HideSolutionNode = FALSE
	EndGlobalSection
	GlobalSection(ExtensibilityGlobals) = postSolution
		SolutionGuid = {70D8D66D-02A5-4171-B319-AAA394BCFD6F}
	EndGlobalSection
EndGlobal
